
Microsoft Visual Studio Solution File, Format Version 12.00
# Visual Studio Version 17
VisualStudioVersion = 17.5.33414.496
MinimumVisualStudioVersion = 10.0.40219.1
Project("{FAE04EC0-301F-11D3-BF4B-00C04F79EFBC}") = "LexiconLMSBlazor.Server", "Server\LexiconLMSBlazor.Server.csproj", "{3A719178-ED15-40D3-A1A0-8F32DDE7D00E}"
EndProject
Project("{FAE04EC0-301F-11D3-BF4B-00C04F79EFBC}") = "LexiconLMSBlazor.Client", "Client\LexiconLMSBlazor.Client.csproj", "{9846A3C1-7290-451E-9763-339055FED428}"
EndProject
Project("{FAE04EC0-301F-11D3-BF4B-00C04F79EFBC}") = "LexiconLMSBlazor.Shared", "Shared\LexiconLMSBlazor.Shared.csproj", "{42DDACEF-C458-4F25-A30B-2F21A43F96D4}"
EndProject
Global
	GlobalSection(SolutionConfigurationPlatforms) = preSolution
		Debug|Any CPU = Debug|Any CPU
		Release|Any CPU = Release|Any CPU
	EndGlobalSection
	GlobalSection(ProjectConfigurationPlatforms) = postSolution
		{3A719178-ED15-40D3-A1A0-8F32DDE7D00E}.Debug|Any CPU.ActiveCfg = Debug|Any CPU
		{3A719178-ED15-40D3-A1A0-8F32DDE7D00E}.Debug|Any CPU.Build.0 = Debug|Any CPU
		{3A719178-ED15-40D3-A1A0-8F32DDE7D00E}.Release|Any CPU.ActiveCfg = Release|Any CPU
		{3A719178-ED15-40D3-A1A0-8F32DDE7D00E}.Release|Any CPU.Build.0 = Release|Any CPU
		{9846A3C1-7290-451E-9763-339055FED428}.Debug|Any CPU.ActiveCfg = Debug|Any CPU
		{9846A3C1-7290-451E-9763-339055FED428}.Debug|Any CPU.Build.0 = Debug|Any CPU
		{9846A3C1-7290-451E-9763-339055FED428}.Release|Any CPU.ActiveCfg = Release|Any CPU
		{9846A3C1-7290-451E-9763-339055FED428}.Release|Any CPU.Build.0 = Release|Any CPU
		{42DDACEF-C458-4F25-A30B-2F21A43F96D4}.Debug|Any CPU.ActiveCfg = Debug|Any CPU
		{42DDACEF-C458-4F25-A30B-2F21A43F96D4}.Debug|Any CPU.Build.0 = Debug|Any CPU
		{42DDACEF-C458-4F25-A30B-2F21A43F96D4}.Release|Any CPU.ActiveCfg = Release|Any CPU
		{42DDACEF-C458-4F25-A30B-2F21A43F96D4}.Release|Any CPU.Build.0 = Release|Any CPU
	EndGlobalSection
	GlobalSection(SolutionProperties) = preSolution
		HideSolutionNode = FALSE
	EndGlobalSection
	GlobalSection(ExtensibilityGlobals) = postSolution
		SolutionGuid = {906CDBC5-93AB-4F50-A70B-787D32E88E51}
	EndGlobalSection
EndGlobal
